
Microsoft Visual Studio Solution File, Format Version 12.00
# Visual Studio Version 17
VisualStudioVersion = 17.5.33516.290
MinimumVisualStudioVersion = 10.0.40219.1
Project("{FAE04EC0-301F-11D3-BF4B-00C04F79EFBC}") = "pemrograman class dan object 4", "pemrograman class dan object 4\pemrograman class dan object 4.csproj", "{E6E389D5-36FA-4264-881E-3112CB0DA62F}"
EndProject
Global
	GlobalSection(SolutionConfigurationPlatforms) = preSolution
		Debug|Any CPU = Debug|Any CPU
		Release|Any CPU = Release|Any CPU
	EndGlobalSection
	GlobalSection(ProjectConfigurationPlatforms) = postSolution
		{E6E389D5-36FA-4264-881E-3112CB0DA62F}.Debug|Any CPU.ActiveCfg = Debug|Any CPU
		{E6E389D5-36FA-4264-881E-3112CB0DA62F}.Debug|Any CPU.Build.0 = Debug|Any CPU
		{E6E389D5-36FA-4264-881E-3112CB0DA62F}.Release|Any CPU.ActiveCfg = Release|Any CPU
		{E6E389D5-36FA-4264-881E-3112CB0DA62F}.Release|Any CPU.Build.0 = Release|Any CPU
	EndGlobalSection
	GlobalSection(SolutionProperties) = preSolution
		HideSolutionNode = FALSE
	EndGlobalSection
	GlobalSection(ExtensibilityGlobals) = postSolution
		SolutionGuid = {58D23D74-99EA-4B54-BFC3-7BC1783D36F8}
	EndGlobalSection
EndGlobal
